PODS:
  - ChartLegends (0.0.6)
  - Charts (3.6.0):
    - Charts/Core (= 3.6.0)
  - Charts/Core (3.6.0)
  - iOSDropDown (0.3.4)
  - IQKeyboardManagerSwift (6.5.6)
  - PieCharts (0.0.7)

DEPENDENCIES:
  - ChartLegends
  - Charts
  - iOSDropDown
  - IQKeyboardManagerSwift
  - PieCharts

SPEC REPOS:
  trunk:
    - ChartLegends
    - Charts
    - iOSDropDown
    - IQKeyboardManagerSwift
    - PieCharts

SPEC CHECKSUMS:
  ChartLegends: bd0b58d74772f35dc14fc6a3ff245cccf3204a59
  Charts: b1e3a1f5a1c9ba5394438ca3b91bd8c9076310af
  iOSDropDown: c10a761f9a00c3f1cc9d3bce43ae504628e2f692
  IQKeyboardManagerSwift: c7df9d2deb356c04522f5c4b7b6e4ce4d8ed94fe
  PieCharts: 30e50dfa7dc19e5b84e9878d32089673ef5d0453

PODFILE CHECKSUM: e5f33078df07cca397f1b246e8fcb84d713129e7

COCOAPODS: 1.9.3
